{
  "nodes": {
    "nixpkgs": {
      "locked": {
        "lastModified": 1635328745,
        "narHash": "sha256-w726NVfut+KkR8P4OOD0Gf6UYH9KvDVMSrdwotVo8Io=",
        "owner": "nixos",
        "repo": "nixpkgs",
        "rev": "77382d5ebf92ac0ae021d02c73357f5e11d9e3ad",
        "type": "github"
      },
      "original": {
        "owner": "nixos",
        "ref": "nixos-unstable-small",
        "repo": "nixpkgs",
        "type": "github"
      }
    },
    "root": {
      "inputs": {
        "nixpkgs": "nixpkgs"
      }
    }
  },
  "root": "root",
  "version": 7
}
